
Microsoft Visual Studio Solution File, Format Version 12.00
# Visual Studio Version 17
VisualStudioVersion = 17.6.33829.357
MinimumVisualStudioVersion = 10.0.40219.1
Project("{8BC9CEB8-8B4A-11D0-8D11-00A0C91BC942}") = "001_bmiC", "001_bmiC\001_bmiC.vcxproj", "{B5130039-8E12-48C8-B327-D86715507928}"
EndProject
Project("{8BC9CEB8-8B4A-11D0-8D11-00A0C91BC942}") = "002_bmiCPP", "002_bmiCPP\002_bmiCPP.vcxproj", "{DE58854B-69CF-410B-8020-88A98B50725C}"
EndProject
Project("{9A19103F-16F7-4668-BE54-9A1E7A4F7556}") = "003_bmiCS", "003_bmiCS\003_bmiCS.csproj", "{BBC844B1-230B-443A-9C13-5E00B4631EEC}"
EndProject
Project("{FAE04EC0-301F-11D3-BF4B-00C04F79EFBC}") = "004_bmiForms", "004_bmiForms\004_bmiForms.csproj", "{88B83AB3-9972-4FBF-B089-8B07A5B07396}"
EndProject
Project("{FAE04EC0-301F-11D3-BF4B-00C04F79EFBC}") = "005_login", "005_login\005_login.csproj", "{96192F41-3F7E-47E1-8BA6-0B50A864DE49}"
EndProject
Project("{FAE04EC0-301F-11D3-BF4B-00C04F79EFBC}") = "006_BasicControls", "006_BasicControls\006_BasicControls.csproj", "{B5D3875A-9F36-490F-98DA-697F53DBE71C}"
EndProject
Project("{FAE04EC0-301F-11D3-BF4B-00C04F79EFBC}") = "007_MessageBoxes", "007_MessageBoxes\007_MessageBoxes.csproj", "{E253AC28-3229-4E23-A720-51B394B6713D}"
EndProject
Project("{FAE04EC0-301F-11D3-BF4B-00C04F79EFBC}") = "008_Labels", "008_Labels\008_Labels.csproj", "{7A04565D-81B9-4745-961C-B7DAEB4EEC81}"
EndProject
Project("{FAE04EC0-301F-11D3-BF4B-00C04F79EFBC}") = "009_checkBox", "009_checkBox\009_checkBox.csproj", "{D20E71B2-D63F-4C93-A99D-3B7D2CA9A109}"
EndProject
Project("{FAE04EC0-301F-11D3-BF4B-00C04F79EFBC}") = "010_RadioButton", "010_RadioButton\010_RadioButton.csproj", "{4B2FA2CF-D27F-4E47-9D25-4F6381AE762B}"
EndProject
Project("{FAE04EC0-301F-11D3-BF4B-00C04F79EFBC}") = "011_scoreCalc", "011_scoreCalc\011_scoreCalc.csproj", "{8F28B647-FD75-492B-9077-A5AC2DC135AB}"
EndProject
Project("{FAE04EC0-301F-11D3-BF4B-00C04F79EFBC}") = "012_combo", "012_combo\012_combo.csproj", "{DC87AAEA-867C-4E56-A9EF-1716958E03AD}"
EndProject
Project("{9A19103F-16F7-4668-BE54-9A1E7A4F7556}") = "013_array", "013_array\013_array.csproj", "{48C1B5ED-ECA3-4CFD-AD6D-29A891529541}"
EndProject
Project("{9A19103F-16F7-4668-BE54-9A1E7A4F7556}") = "014_loop", "014_loop\014_loop.csproj", "{FF2866BF-1308-41E2-A3C8-98E01B54ABDC}"
EndProject
Project("{9A19103F-16F7-4668-BE54-9A1E7A4F7556}") = "015_random", "015_random\015_random.csproj", "{EAAB4157-B933-4122-8E88-25FA1203C1D8}"
EndProject
Project("{FAE04EC0-301F-11D3-BF4B-00C04F79EFBC}") = "016_susi1", "016_susi1\016_susi1.csproj", "{A136222C-08D8-4764-9F44-5CD53D31CB6E}"
EndProject
Project("{FAE04EC0-301F-11D3-BF4B-00C04F79EFBC}") = "017_chart", "017_chart\017_chart.csproj", "{6C44ABE2-3CC3-4BC2-9FE9-086B240587E6}"
EndProject
Project("{FAE04EC0-301F-11D3-BF4B-00C04F79EFBC}") = "018_twoChartAreas", "018_twoChartAreas\018_twoChartAreas.csproj", "{63CF4969-7F89-4F76-9E99-06C96FBED409}"
EndProject
Project("{FAE04EC0-301F-11D3-BF4B-00C04F79EFBC}") = "019_MathFunction", "019_MathFunction\019_MathFunction.csproj", "{60310BBB-E2FF-49BE-A047-1FAEEF2D080D}"
EndProject
Project("{FAE04EC0-301F-11D3-BF4B-00C04F79EFBC}") = "020_dClock", "020_dClock\020_dClock.csproj", "{0AFD7388-F080-4215-8F8A-A9B45DDF0A2D}"
EndProject
Project("{FAE04EC0-301F-11D3-BF4B-00C04F79EFBC}") = "021_clock", "021_clock\021_clock.csproj", "{35A52F8B-446C-4B21-986F-C2A61097AFAE}"
EndProject
Project("{FAE04EC0-301F-11D3-BF4B-00C04F79EFBC}") = "022_firebase", "022_firebase\022_firebase.csproj", "{45E3D0A8-EA9F-4B2A-B3CA-5B4256BFAFC6}"
EndProject
Project("{9A19103F-16F7-4668-BE54-9A1E7A4F7556}") = "023_property", "023_property\023_property.csproj", "{4AE8AF4E-BB43-4087-A2A4-2ED1A56123F7}"
EndProject
Project("{FAE04EC0-301F-11D3-BF4B-00C04F79EFBC}") = "025_SensorMonitoring", "025_SensorMonitoring\025_SensorMonitoring.csproj", "{81F6402D-8DD6-4B3C-807D-54600B060C6A}"
EndProject
Project("{FAE04EC0-301F-11D3-BF4B-00C04F79EFBC}") = "024_twoForms", "024_twoForms\024_twoForms.csproj", "{3424E571-9F71-45BC-89E2-D331A080ECA9}"
EndProject
Global
	GlobalSection(SolutionConfigurationPlatforms) = preSolution
		Debug|Any CPU = Debug|Any CPU
		Debug|x64 = Debug|x64
		Debug|x86 = Debug|x86
		Release|Any CPU = Release|Any CPU
		Release|x64 = Release|x64
		Release|x86 = Release|x86
	EndGlobalSection
	GlobalSection(ProjectConfigurationPlatforms) = postSolution
		{B5130039-8E12-48C8-B327-D86715507928}.Debug|Any CPU.ActiveCfg = Debug|x64
		{B5130039-8E12-48C8-B327-D86715507928}.Debug|Any CPU.Build.0 = Debug|x64
		{B5130039-8E12-48C8-B327-D86715507928}.Debug|x64.ActiveCfg = Debug|x64
		{B5130039-8E12-48C8-B327-D86715507928}.Debug|x64.Build.0 = Debug|x64
		{B5130039-8E12-48C8-B327-D86715507928}.Debug|x86.ActiveCfg = Debug|Win32
		{B5130039-8E12-48C8-B327-D86715507928}.Debug|x86.Build.0 = Debug|Win32
		{B5130039-8E12-48C8-B327-D86715507928}.Release|Any CPU.ActiveCfg = Release|x64
		{B5130039-8E12-48C8-B327-D86715507928}.Release|Any CPU.Build.0 = Release|x64
		{B5130039-8E12-48C8-B327-D86715507928}.Release|x64.ActiveCfg = Release|x64
		{B5130039-8E12-48C8-B327-D86715507928}.Release|x64.Build.0 = Release|x64
		{B5130039-8E12-48C8-B327-D86715507928}.Release|x86.ActiveCfg = Release|Win32
		{B5130039-8E12-48C8-B327-D86715507928}.Release|x86.Build.0 = Release|Win32
		{DE58854B-69CF-410B-8020-88A98B50725C}.Debug|Any CPU.ActiveCfg = Debug|x64
		{DE58854B-69CF-410B-8020-88A98B50725C}.Debug|Any CPU.Build.0 = Debug|x64
		{DE58854B-69CF-410B-8020-88A98B50725C}.Debug|x64.ActiveCfg = Debug|x64
		{DE58854B-69CF-410B-8020-88A98B50725C}.Debug|x64.Build.0 = Debug|x64
		{DE58854B-69CF-410B-8020-88A98B50725C}.Debug|x86.ActiveCfg = Debug|Win32
		{DE58854B-69CF-410B-8020-88A98B50725C}.Debug|x86.Build.0 = Debug|Win32
		{DE58854B-69CF-410B-8020-88A98B50725C}.Release|Any CPU.ActiveCfg = Release|x64
		{DE58854B-69CF-410B-8020-88A98B50725C}.Release|Any CPU.Build.0 = Release|x64
		{DE58854B-69CF-410B-8020-88A98B50725C}.Release|x64.ActiveCfg = Release|x64
		{DE58854B-69CF-410B-8020-88A98B50725C}.Release|x64.Build.0 = Release|x64
		{DE58854B-69CF-410B-8020-88A98B50725C}.Release|x86.ActiveCfg = Release|Win32
		{DE58854B-69CF-410B-8020-88A98B50725C}.Release|x86.Build.0 = Release|Win32
		{BBC844B1-230B-443A-9C13-5E00B4631EEC}.Debug|Any CPU.ActiveCfg = Debug|Any CPU
		{BBC844B1-230B-443A-9C13-5E00B4631EEC}.Debug|Any CPU.Build.0 = Debug|Any CPU
		{BBC844B1-230B-443A-9C13-5E00B4631EEC}.Debug|x64.ActiveCfg = Debug|Any CPU
		{BBC844B1-230B-443A-9C13-5E00B4631EEC}.Debug|x64.Build.0 = Debug|Any CPU
		{BBC844B1-230B-443A-9C13-5E00B4631EEC}.Debug|x86.ActiveCfg = Debug|Any CPU
		{BBC844B1-230B-443A-9C13-5E00B4631EEC}.Debug|x86.Build.0 = Debug|Any CPU
		{BBC844B1-230B-443A-9C13-5E00B4631EEC}.Release|Any CPU.ActiveCfg = Release|Any CPU
		{BBC844B1-230B-443A-9C13-5E00B4631EEC}.Release|Any CPU.Build.0 = Release|Any CPU
		{BBC844B1-230B-443A-9C13-5E00B4631EEC}.Release|x64.ActiveCfg = Release|Any CPU
		{BBC844B1-230B-443A-9C13-5E00B4631EEC}.Release|x64.Build.0 = Release|Any CPU
		{BBC844B1-230B-443A-9C13-5E00B4631EEC}.Release|x86.ActiveCfg = Release|Any CPU
		{BBC844B1-230B-443A-9C13-5E00B4631EEC}.Release|x86.Build.0 = Release|Any CPU
		{88B83AB3-9972-4FBF-B089-8B07A5B07396}.Debug|Any CPU.ActiveCfg = Debug|Any CPU
		{88B83AB3-9972-4FBF-B089-8B07A5B07396}.Debug|Any CPU.Build.0 = Debug|Any CPU
		{88B83AB3-9972-4FBF-B089-8B07A5B07396}.Debug|x64.ActiveCfg = Debug|Any CPU
		{88B83AB3-9972-4FBF-B089-8B07A5B07396}.Debug|x64.Build.0 = Debug|Any CPU
		{88B83AB3-9972-4FBF-B089-8B07A5B07396}.Debug|x86.ActiveCfg = Debug|Any CPU
		{88B83AB3-9972-4FBF-B089-8B07A5B07396}.Debug|x86.Build.0 = Debug|Any CPU
		{88B83AB3-9972-4FBF-B089-8B07A5B07396}.Release|Any CPU.ActiveCfg = Release|Any CPU
		{88B83AB3-9972-4FBF-B089-8B07A5B07396}.Release|Any CPU.Build.0 = Release|Any CPU
		{88B83AB3-9972-4FBF-B089-8B07A5B07396}.Release|x64.ActiveCfg = Release|Any CPU
		{88B83AB3-9972-4FBF-B089-8B07A5B07396}.Release|x64.Build.0 = Release|Any CPU
		{88B83AB3-9972-4FBF-B089-8B07A5B07396}.Release|x86.ActiveCfg = Release|Any CPU
		{88B83AB3-9972-4FBF-B089-8B07A5B07396}.Release|x86.Build.0 = Release|Any CPU
		{96192F41-3F7E-47E1-8BA6-0B50A864DE49}.Debug|Any CPU.ActiveCfg = Debug|Any CPU
		{96192F41-3F7E-47E1-8BA6-0B50A864DE49}.Debug|Any CPU.Build.0 = Debug|Any CPU
		{96192F41-3F7E-47E1-8BA6-0B50A864DE49}.Debug|x64.ActiveCfg = Debug|Any CPU
		{96192F41-3F7E-47E1-8BA6-0B50A864DE49}.Debug|x64.Build.0 = Debug|Any CPU
		{96192F41-3F7E-47E1-8BA6-0B50A864DE49}.Debug|x86.ActiveCfg = Debug|Any CPU
		{96192F41-3F7E-47E1-8BA6-0B50A864DE49}.Debug|x86.Build.0 = Debug|Any CPU
		{96192F41-3F7E-47E1-8BA6-0B50A864DE49}.Release|Any CPU.ActiveCfg = Release|Any CPU
		{96192F41-3F7E-47E1-8BA6-0B50A864DE49}.Release|Any CPU.Build.0 = Release|Any CPU
		{96192F41-3F7E-47E1-8BA6-0B50A864DE49}.Release|x64.ActiveCfg = Release|Any CPU
		{96192F41-3F7E-47E1-8BA6-0B50A864DE49}.Release|x64.Build.0 = Release|Any CPU
		{96192F41-3F7E-47E1-8BA6-0B50A864DE49}.Release|x86.ActiveCfg = Release|Any CPU
		{96192F41-3F7E-47E1-8BA6-0B50A864DE49}.Release|x86.Build.0 = Release|Any CPU
		{B5D3875A-9F36-490F-98DA-697F53DBE71C}.Debug|Any CPU.ActiveCfg = Debug|Any CPU
		{B5D3875A-9F36-490F-98DA-697F53DBE71C}.Debug|Any CPU.Build.0 = Debug|Any CPU
		{B5D3875A-9F36-490F-98DA-697F53DBE71C}.Debug|x64.ActiveCfg = Debug|Any CPU
		{B5D3875A-9F36-490F-98DA-697F53DBE71C}.Debug|x64.Build.0 = Debug|Any CPU
		{B5D3875A-9F36-490F-98DA-697F53DBE71C}.Debug|x86.ActiveCfg = Debug|Any CPU
		{B5D3875A-9F36-490F-98DA-697F53DBE71C}.Debug|x86.Build.0 = Debug|Any CPU
		{B5D3875A-9F36-490F-98DA-697F53DBE71C}.Release|Any CPU.ActiveCfg = Release|Any CPU
		{B5D3875A-9F36-490F-98DA-697F53DBE71C}.Release|Any CPU.Build.0 = Release|Any CPU
		{B5D3875A-9F36-490F-98DA-697F53DBE71C}.Release|x64.ActiveCfg = Release|Any CPU
		{B5D3875A-9F36-490F-98DA-697F53DBE71C}.Release|x64.Build.0 = Release|Any CPU
		{B5D3875A-9F36-490F-98DA-697F53DBE71C}.Release|x86.ActiveCfg = Release|Any CPU
		{B5D3875A-9F36-490F-98DA-697F53DBE71C}.Release|x86.Build.0 = Release|Any CPU
		{E253AC28-3229-4E23-A720-51B394B6713D}.Debug|Any CPU.ActiveCfg = Debug|Any CPU
		{E253AC28-3229-4E23-A720-51B394B6713D}.Debug|Any CPU.Build.0 = Debug|Any CPU
		{E253AC28-3229-4E23-A720-51B394B6713D}.Debug|x64.ActiveCfg = Debug|Any CPU
		{E253AC28-3229-4E23-A720-51B394B6713D}.Debug|x64.Build.0 = Debug|Any CPU
		{E253AC28-3229-4E23-A720-51B394B6713D}.Debug|x86.ActiveCfg = Debug|Any CPU
		{E253AC28-3229-4E23-A720-51B394B6713D}.Debug|x86.Build.0 = Debug|Any CPU
		{E253AC28-3229-4E23-A720-51B394B6713D}.Release|Any CPU.ActiveCfg = Release|Any CPU
		{E253AC28-3229-4E23-A720-51B394B6713D}.Release|Any CPU.Build.0 = Release|Any CPU
		{E253AC28-3229-4E23-A720-51B394B6713D}.Release|x64.ActiveCfg = Release|Any CPU
		{E253AC28-3229-4E23-A720-51B394B6713D}.Release|x64.Build.0 = Release|Any CPU
		{E253AC28-3229-4E23-A720-51B394B6713D}.Release|x86.ActiveCfg = Release|Any CPU
		{E253AC28-3229-4E23-A720-51B394B6713D}.Release|x86.Build.0 = Release|Any CPU
		{7A04565D-81B9-4745-961C-B7DAEB4EEC81}.Debug|Any CPU.ActiveCfg = Debug|Any CPU
		{7A04565D-81B9-4745-961C-B7DAEB4EEC81}.Debug|Any CPU.Build.0 = Debug|Any CPU
		{7A04565D-81B9-4745-961C-B7DAEB4EEC81}.Debug|x64.ActiveCfg = Debug|Any CPU
		{7A04565D-81B9-4745-961C-B7DAEB4EEC81}.Debug|x64.Build.0 = Debug|Any CPU
		{7A04565D-81B9-4745-961C-B7DAEB4EEC81}.Debug|x86.ActiveCfg = Debug|Any CPU
		{7A04565D-81B9-4745-961C-B7DAEB4EEC81}.Debug|x86.Build.0 = Debug|Any CPU
		{7A04565D-81B9-4745-961C-B7DAEB4EEC81}.Release|Any CPU.ActiveCfg = Release|Any CPU
		{7A04565D-81B9-4745-961C-B7DAEB4EEC81}.Release|Any CPU.Build.0 = Release|Any CPU
		{7A04565D-81B9-4745-961C-B7DAEB4EEC81}.Release|x64.ActiveCfg = Release|Any CPU
		{7A04565D-81B9-4745-961C-B7DAEB4EEC81}.Release|x64.Build.0 = Release|Any CPU
		{7A04565D-81B9-4745-961C-B7DAEB4EEC81}.Release|x86.ActiveCfg = Release|Any CPU
		{7A04565D-81B9-4745-961C-B7DAEB4EEC81}.Release|x86.Build.0 = Release|Any CPU
		{D20E71B2-D63F-4C93-A99D-3B7D2CA9A109}.Debug|Any CPU.ActiveCfg = Debug|Any CPU
		{D20E71B2-D63F-4C93-A99D-3B7D2CA9A109}.Debug|Any CPU.Build.0 = Debug|Any CPU
		{D20E71B2-D63F-4C93-A99D-3B7D2CA9A109}.Debug|x64.ActiveCfg = Debug|Any CPU
		{D20E71B2-D63F-4C93-A99D-3B7D2CA9A109}.Debug|x64.Build.0 = Debug|Any CPU
		{D20E71B2-D63F-4C93-A99D-3B7D2CA9A109}.Debug|x86.ActiveCfg = Debug|Any CPU
		{D20E71B2-D63F-4C93-A99D-3B7D2CA9A109}.Debug|x86.Build.0 = Debug|Any CPU
		{D20E71B2-D63F-4C93-A99D-3B7D2CA9A109}.Release|Any CPU.ActiveCfg = Release|Any CPU
		{D20E71B2-D63F-4C93-A99D-3B7D2CA9A109}.Release|Any CPU.Build.0 = Release|Any CPU
		{D20E71B2-D63F-4C93-A99D-3B7D2CA9A109}.Release|x64.ActiveCfg = Release|Any CPU
		{D20E71B2-D63F-4C93-A99D-3B7D2CA9A109}.Release|x64.Build.0 = Release|Any CPU
		{D20E71B2-D63F-4C93-A99D-3B7D2CA9A109}.Release|x86.ActiveCfg = Release|Any CPU
		{D20E71B2-D63F-4C93-A99D-3B7D2CA9A109}.Release|x86.Build.0 = Release|Any CPU
		{4B2FA2CF-D27F-4E47-9D25-4F6381AE762B}.Debug|Any CPU.ActiveCfg = Debug|Any CPU
		{4B2FA2CF-D27F-4E47-9D25-4F6381AE762B}.Debug|Any CPU.Build.0 = Debug|Any CPU
		{4B2FA2CF-D27F-4E47-9D25-4F6381AE762B}.Debug|x64.ActiveCfg = Debug|Any CPU
		{4B2FA2CF-D27F-4E47-9D25-4F6381AE762B}.Debug|x64.Build.0 = Debug|Any CPU
		{4B2FA2CF-D27F-4E47-9D25-4F6381AE762B}.Debug|x86.ActiveCfg = Debug|Any CPU
		{4B2FA2CF-D27F-4E47-9D25-4F6381AE762B}.Debug|x86.Build.0 = Debug|Any CPU
		{4B2FA2CF-D27F-4E47-9D25-4F6381AE762B}.Release|Any CPU.ActiveCfg = Release|Any CPU
		{4B2FA2CF-D27F-4E47-9D25-4F6381AE762B}.Release|Any CPU.Build.0 = Release|Any CPU
		{4B2FA2CF-D27F-4E47-9D25-4F6381AE762B}.Release|x64.ActiveCfg = Release|Any CPU
		{4B2FA2CF-D27F-4E47-9D25-4F6381AE762B}.Release|x64.Build.0 = Release|Any CPU
		{4B2FA2CF-D27F-4E47-9D25-4F6381AE762B}.Release|x86.ActiveCfg = Release|Any CPU
		{4B2FA2CF-D27F-4E47-9D25-4F6381AE762B}.Release|x86.Build.0 = Release|Any CPU
		{8F28B647-FD75-492B-9077-A5AC2DC135AB}.Debug|Any CPU.ActiveCfg = Debug|Any CPU
		{8F28B647-FD75-492B-9077-A5AC2DC135AB}.Debug|Any CPU.Build.0 = Debug|Any CPU
		{8F28B647-FD75-492B-9077-A5AC2DC135AB}.Debug|x64.ActiveCfg = Debug|Any CPU
		{8F28B647-FD75-492B-9077-A5AC2DC135AB}.Debug|x64.Build.0 = Debug|Any CPU
		{8F28B647-FD75-492B-9077-A5AC2DC135AB}.Debug|x86.ActiveCfg = Debug|Any CPU
		{8F28B647-FD75-492B-9077-A5AC2DC135AB}.Debug|x86.Build.0 = Debug|Any CPU
		{8F28B647-FD75-492B-9077-A5AC2DC135AB}.Release|Any CPU.ActiveCfg = Release|Any CPU
		{8F28B647-FD75-492B-9077-A5AC2DC135AB}.Release|Any CPU.Build.0 = Release|Any CPU
		{8F28B647-FD75-492B-9077-A5AC2DC135AB}.Release|x64.ActiveCfg = Release|Any CPU
		{8F28B647-FD75-492B-9077-A5AC2DC135AB}.Release|x64.Build.0 = Release|Any CPU
		{8F28B647-FD75-492B-9077-A5AC2DC135AB}.Release|x86.ActiveCfg = Release|Any CPU
		{8F28B647-FD75-492B-9077-A5AC2DC135AB}.Release|x86.Build.0 = Release|Any CPU
		{DC87AAEA-867C-4E56-A9EF-1716958E03AD}.Debug|Any CPU.ActiveCfg = Debug|Any CPU
		{DC87AAEA-867C-4E56-A9EF-1716958E03AD}.Debug|Any CPU.Build.0 = Debug|Any CPU
		{DC87AAEA-867C-4E56-A9EF-1716958E03AD}.Debug|x64.ActiveCfg = Debug|Any CPU
		{DC87AAEA-867C-4E56-A9EF-1716958E03AD}.Debug|x64.Build.0 = Debug|Any CPU
		{DC87AAEA-867C-4E56-A9EF-1716958E03AD}.Debug|x86.ActiveCfg = Debug|Any CPU
		{DC87AAEA-867C-4E56-A9EF-1716958E03AD}.Debug|x86.Build.0 = Debug|Any CPU
		{DC87AAEA-867C-4E56-A9EF-1716958E03AD}.Release|Any CPU.ActiveCfg = Release|Any CPU
		{DC87AAEA-867C-4E56-A9EF-1716958E03AD}.Release|Any CPU.Build.0 = Release|Any CPU
		{DC87AAEA-867C-4E56-A9EF-1716958E03AD}.Release|x64.ActiveCfg = Release|Any CPU
		{DC87AAEA-867C-4E56-A9EF-1716958E03AD}.Release|x64.Build.0 = Release|Any CPU
		{DC87AAEA-867C-4E56-A9EF-1716958E03AD}.Release|x86.ActiveCfg = Release|Any CPU
		{DC87AAEA-867C-4E56-A9EF-1716958E03AD}.Release|x86.Build.0 = Release|Any CPU
		{48C1B5ED-ECA3-4CFD-AD6D-29A891529541}.Debug|Any CPU.ActiveCfg = Debug|Any CPU
		{48C1B5ED-ECA3-4CFD-AD6D-29A891529541}.Debug|Any CPU.Build.0 = Debug|Any CPU
		{48C1B5ED-ECA3-4CFD-AD6D-29A891529541}.Debug|x64.ActiveCfg = Debug|Any CPU
		{48C1B5ED-ECA3-4CFD-AD6D-29A891529541}.Debug|x64.Build.0 = Debug|Any CPU
		{48C1B5ED-ECA3-4CFD-AD6D-29A891529541}.Debug|x86.ActiveCfg = Debug|Any CPU
		{48C1B5ED-ECA3-4CFD-AD6D-29A891529541}.Debug|x86.Build.0 = Debug|Any CPU
		{48C1B5ED-ECA3-4CFD-AD6D-29A891529541}.Release|Any CPU.ActiveCfg = Release|Any CPU
		{48C1B5ED-ECA3-4CFD-AD6D-29A891529541}.Release|Any CPU.Build.0 = Release|Any CPU
		{48C1B5ED-ECA3-4CFD-AD6D-29A891529541}.Release|x64.ActiveCfg = Release|Any CPU
		{48C1B5ED-ECA3-4CFD-AD6D-29A891529541}.Release|x64.Build.0 = Release|Any CPU
		{48C1B5ED-ECA3-4CFD-AD6D-29A891529541}.Release|x86.ActiveCfg = Release|Any CPU
		{48C1B5ED-ECA3-4CFD-AD6D-29A891529541}.Release|x86.Build.0 = Release|Any CPU
		{FF2866BF-1308-41E2-A3C8-98E01B54ABDC}.Debug|Any CPU.ActiveCfg = Debug|Any CPU
		{FF2866BF-1308-41E2-A3C8-98E01B54ABDC}.Debug|Any CPU.Build.0 = Debug|Any CPU
		{FF2866BF-1308-41E2-A3C8-98E01B54ABDC}.Debug|x64.ActiveCfg = Debug|Any CPU
		{FF2866BF-1308-41E2-A3C8-98E01B54ABDC}.Debug|x64.Build.0 = Debug|Any CPU
		{FF2866BF-1308-41E2-A3C8-98E01B54ABDC}.Debug|x86.ActiveCfg = Debug|Any CPU
		{FF2866BF-1308-41E2-A3C8-98E01B54ABDC}.Debug|x86.Build.0 = Debug|Any CPU
		{FF2866BF-1308-41E2-A3C8-98E01B54ABDC}.Release|Any CPU.ActiveCfg = Release|Any CPU
		{FF2866BF-1308-41E2-A3C8-98E01B54ABDC}.Release|Any CPU.Build.0 = Release|Any CPU
		{FF2866BF-1308-41E2-A3C8-98E01B54ABDC}.Release|x64.ActiveCfg = Release|Any CPU
		{FF2866BF-1308-41E2-A3C8-98E01B54ABDC}.Release|x64.Build.0 = Release|Any CPU
		{FF2866BF-1308-41E2-A3C8-98E01B54ABDC}.Release|x86.ActiveCfg = Release|Any CPU
		{FF2866BF-1308-41E2-A3C8-98E01B54ABDC}.Release|x86.Build.0 = Release|Any CPU
		{EAAB4157-B933-4122-8E88-25FA1203C1D8}.Debug|Any CPU.ActiveCfg = Debug|Any CPU
		{EAAB4157-B933-4122-8E88-25FA1203C1D8}.Debug|Any CPU.Build.0 = Debug|Any CPU
		{EAAB4157-B933-4122-8E88-25FA1203C1D8}.Debug|x64.ActiveCfg = Debug|Any CPU
		{EAAB4157-B933-4122-8E88-25FA1203C1D8}.Debug|x64.Build.0 = Debug|Any CPU
		{EAAB4157-B933-4122-8E88-25FA1203C1D8}.Debug|x86.ActiveCfg = Debug|Any CPU
		{EAAB4157-B933-4122-8E88-25FA1203C1D8}.Debug|x86.Build.0 = Debug|Any CPU
		{EAAB4157-B933-4122-8E88-25FA1203C1D8}.Release|Any CPU.ActiveCfg = Release|Any CPU
		{EAAB4157-B933-4122-8E88-25FA1203C1D8}.Release|Any CPU.Build.0 = Release|Any CPU
		{EAAB4157-B933-4122-8E88-25FA1203C1D8}.Release|x64.ActiveCfg = Release|Any CPU
		{EAAB4157-B933-4122-8E88-25FA1203C1D8}.Release|x64.Build.0 = Release|Any CPU
		{EAAB4157-B933-4122-8E88-25FA1203C1D8}.Release|x86.ActiveCfg = Release|Any CPU
		{EAAB4157-B933-4122-8E88-25FA1203C1D8}.Release|x86.Build.0 = Release|Any CPU
		{A136222C-08D8-4764-9F44-5CD53D31CB6E}.Debug|Any CPU.ActiveCfg = Debug|Any CPU
		{A136222C-08D8-4764-9F44-5CD53D31CB6E}.Debug|Any CPU.Build.0 = Debug|Any CPU
		{A136222C-08D8-4764-9F44-5CD53D31CB6E}.Debug|x64.ActiveCfg = Debug|Any CPU
		{A136222C-08D8-4764-9F44-5CD53D31CB6E}.Debug|x64.Build.0 = Debug|Any CPU
		{A136222C-08D8-4764-9F44-5CD53D31CB6E}.Debug|x86.ActiveCfg = Debug|Any CPU
		{A136222C-08D8-4764-9F44-5CD53D31CB6E}.Debug|x86.Build.0 = Debug|Any CPU
		{A136222C-08D8-4764-9F44-5CD53D31CB6E}.Release|Any CPU.ActiveCfg = Release|Any CPU
		{A136222C-08D8-4764-9F44-5CD53D31CB6E}.Release|Any CPU.Build.0 = Release|Any CPU
		{A136222C-08D8-4764-9F44-5CD53D31CB6E}.Release|x64.ActiveCfg = Release|Any CPU
		{A136222C-08D8-4764-9F44-5CD53D31CB6E}.Release|x64.Build.0 = Release|Any CPU
		{A136222C-08D8-4764-9F44-5CD53D31CB6E}.Release|x86.ActiveCfg = Release|Any CPU
		{A136222C-08D8-4764-9F44-5CD53D31CB6E}.Release|x86.Build.0 = Release|Any CPU
		{6C44ABE2-3CC3-4BC2-9FE9-086B240587E6}.Debug|Any CPU.ActiveCfg = Debug|Any CPU
		{6C44ABE2-3CC3-4BC2-9FE9-086B240587E6}.Debug|Any CPU.Build.0 = Debug|Any CPU
		{6C44ABE2-3CC3-4BC2-9FE9-086B240587E6}.Debug|x64.ActiveCfg = Debug|Any CPU
		{6C44ABE2-3CC3-4BC2-9FE9-086B240587E6}.Debug|x64.Build.0 = Debug|Any CPU
		{6C44ABE2-3CC3-4BC2-9FE9-086B240587E6}.Debug|x86.ActiveCfg = Debug|Any CPU
		{6C44ABE2-3CC3-4BC2-9FE9-086B240587E6}.Debug|x86.Build.0 = Debug|Any CPU
		{6C44ABE2-3CC3-4BC2-9FE9-086B240587E6}.Release|Any CPU.ActiveCfg = Release|Any CPU
		{6C44ABE2-3CC3-4BC2-9FE9-086B240587E6}.Release|Any CPU.Build.0 = Release|Any CPU
		{6C44ABE2-3CC3-4BC2-9FE9-086B240587E6}.Release|x64.ActiveCfg = Release|Any CPU
		{6C44ABE2-3CC3-4BC2-9FE9-086B240587E6}.Release|x64.Build.0 = Release|Any CPU
		{6C44ABE2-3CC3-4BC2-9FE9-086B240587E6}.Release|x86.ActiveCfg = Release|Any CPU
		{6C44ABE2-3CC3-4BC2-9FE9-086B240587E6}.Release|x86.Build.0 = Release|Any CPU
		{63CF4969-7F89-4F76-9E99-06C96FBED409}.Debug|Any CPU.ActiveCfg = Debug|Any CPU
		{63CF4969-7F89-4F76-9E99-06C96FBED409}.Debug|Any CPU.Build.0 = Debug|Any CPU
		{63CF4969-7F89-4F76-9E99-06C96FBED409}.Debug|x64.ActiveCfg = Debug|Any CPU
		{63CF4969-7F89-4F76-9E99-06C96FBED409}.Debug|x64.Build.0 = Debug|Any CPU
		{63CF4969-7F89-4F76-9E99-06C96FBED409}.Debug|x86.ActiveCfg = Debug|Any CPU
		{63CF4969-7F89-4F76-9E99-06C96FBED409}.Debug|x86.Build.0 = Debug|Any CPU
		{63CF4969-7F89-4F76-9E99-06C96FBED409}.Release|Any CPU.ActiveCfg = Release|Any CPU
		{63CF4969-7F89-4F76-9E99-06C96FBED409}.Release|Any CPU.Build.0 = Release|Any CPU
		{63CF4969-7F89-4F76-9E99-06C96FBED409}.Release|x64.ActiveCfg = Release|Any CPU
		{63CF4969-7F89-4F76-9E99-06C96FBED409}.Release|x64.Build.0 = Release|Any CPU
		{63CF4969-7F89-4F76-9E99-06C96FBED409}.Release|x86.ActiveCfg = Release|Any CPU
		{63CF4969-7F89-4F76-9E99-06C96FBED409}.Release|x86.Build.0 = Release|Any CPU
		{60310BBB-E2FF-49BE-A047-1FAEEF2D080D}.Debug|Any CPU.ActiveCfg = Debug|Any CPU
		{60310BBB-E2FF-49BE-A047-1FAEEF2D080D}.Debug|Any CPU.Build.0 = Debug|Any CPU
		{60310BBB-E2FF-49BE-A047-1FAEEF2D080D}.Debug|x64.ActiveCfg = Debug|Any CPU
		{60310BBB-E2FF-49BE-A047-1FAEEF2D080D}.Debug|x64.Build.0 = Debug|Any CPU
		{60310BBB-E2FF-49BE-A047-1FAEEF2D080D}.Debug|x86.ActiveCfg = Debug|Any CPU
		{60310BBB-E2FF-49BE-A047-1FAEEF2D080D}.Debug|x86.Build.0 = Debug|Any CPU
		{60310BBB-E2FF-49BE-A047-1FAEEF2D080D}.Release|Any CPU.ActiveCfg = Release|Any CPU
		{60310BBB-E2FF-49BE-A047-1FAEEF2D080D}.Release|Any CPU.Build.0 = Release|Any CPU
		{60310BBB-E2FF-49BE-A047-1FAEEF2D080D}.Release|x64.ActiveCfg = Release|Any CPU
		{60310BBB-E2FF-49BE-A047-1FAEEF2D080D}.Release|x64.Build.0 = Release|Any CPU
		{60310BBB-E2FF-49BE-A047-1FAEEF2D080D}.Release|x86.ActiveCfg = Release|Any CPU
		{60310BBB-E2FF-49BE-A047-1FAEEF2D080D}.Release|x86.Build.0 = Release|Any CPU
		{0AFD7388-F080-4215-8F8A-A9B45DDF0A2D}.Debug|Any CPU.ActiveCfg = Debug|Any CPU
		{0AFD7388-F080-4215-8F8A-A9B45DDF0A2D}.Debug|Any CPU.Build.0 = Debug|Any CPU
		{0AFD7388-F080-4215-8F8A-A9B45DDF0A2D}.Debug|x64.ActiveCfg = Debug|Any CPU
		{0AFD7388-F080-4215-8F8A-A9B45DDF0A2D}.Debug|x64.Build.0 = Debug|Any CPU
		{0AFD7388-F080-4215-8F8A-A9B45DDF0A2D}.Debug|x86.ActiveCfg = Debug|Any CPU
		{0AFD7388-F080-4215-8F8A-A9B45DDF0A2D}.Debug|x86.Build.0 = Debug|Any CPU
		{0AFD7388-F080-4215-8F8A-A9B45DDF0A2D}.Release|Any CPU.ActiveCfg = Release|Any CPU
		{0AFD7388-F080-4215-8F8A-A9B45DDF0A2D}.Release|Any CPU.Build.0 = Release|Any CPU
		{0AFD7388-F080-4215-8F8A-A9B45DDF0A2D}.Release|x64.ActiveCfg = Release|Any CPU
		{0AFD7388-F080-4215-8F8A-A9B45DDF0A2D}.Release|x64.Build.0 = Release|Any CPU
		{0AFD7388-F080-4215-8F8A-A9B45DDF0A2D}.Release|x86.ActiveCfg = Release|Any CPU
		{0AFD7388-F080-4215-8F8A-A9B45DDF0A2D}.Release|x86.Build.0 = Release|Any CPU
		{35A52F8B-446C-4B21-986F-C2A61097AFAE}.Debug|Any CPU.ActiveCfg = Debug|Any CPU
		{35A52F8B-446C-4B21-986F-C2A61097AFAE}.Debug|Any CPU.Build.0 = Debug|Any CPU
		{35A52F8B-446C-4B21-986F-C2A61097AFAE}.Debug|x64.ActiveCfg = Debug|Any CPU
		{35A52F8B-446C-4B21-986F-C2A61097AFAE}.Debug|x64.Build.0 = Debug|Any CPU
		{35A52F8B-446C-4B21-986F-C2A61097AFAE}.Debug|x86.ActiveCfg = Debug|Any CPU
		{35A52F8B-446C-4B21-986F-C2A61097AFAE}.Debug|x86.Build.0 = Debug|Any CPU
		{35A52F8B-446C-4B21-986F-C2A61097AFAE}.Release|Any CPU.ActiveCfg = Release|Any CPU
		{35A52F8B-446C-4B21-986F-C2A61097AFAE}.Release|Any CPU.Build.0 = Release|Any CPU
		{35A52F8B-446C-4B21-986F-C2A61097AFAE}.Release|x64.ActiveCfg = Release|Any CPU
		{35A52F8B-446C-4B21-986F-C2A61097AFAE}.Release|x64.Build.0 = Release|Any CPU
		{35A52F8B-446C-4B21-986F-C2A61097AFAE}.Release|x86.ActiveCfg = Release|Any CPU
		{35A52F8B-446C-4B21-986F-C2A61097AFAE}.Release|x86.Build.0 = Release|Any CPU
		{45E3D0A8-EA9F-4B2A-B3CA-5B4256BFAFC6}.Debug|Any CPU.ActiveCfg = Debug|Any CPU
		{45E3D0A8-EA9F-4B2A-B3CA-5B4256BFAFC6}.Debug|Any CPU.Build.0 = Debug|Any CPU
		{45E3D0A8-EA9F-4B2A-B3CA-5B4256BFAFC6}.Debug|x64.ActiveCfg = Debug|Any CPU
		{45E3D0A8-EA9F-4B2A-B3CA-5B4256BFAFC6}.Debug|x64.Build.0 = Debug|Any CPU
		{45E3D0A8-EA9F-4B2A-B3CA-5B4256BFAFC6}.Debug|x86.ActiveCfg = Debug|Any CPU
		{45E3D0A8-EA9F-4B2A-B3CA-5B4256BFAFC6}.Debug|x86.Build.0 = Debug|Any CPU
		{45E3D0A8-EA9F-4B2A-B3CA-5B4256BFAFC6}.Release|Any CPU.ActiveCfg = Release|Any CPU
		{45E3D0A8-EA9F-4B2A-B3CA-5B4256BFAFC6}.Release|Any CPU.Build.0 = Release|Any CPU
		{45E3D0A8-EA9F-4B2A-B3CA-5B4256BFAFC6}.Release|x64.ActiveCfg = Release|Any CPU
		{45E3D0A8-EA9F-4B2A-B3CA-5B4256BFAFC6}.Release|x64.Build.0 = Release|Any CPU
		{45E3D0A8-EA9F-4B2A-B3CA-5B4256BFAFC6}.Release|x86.ActiveCfg = Release|Any CPU
		{45E3D0A8-EA9F-4B2A-B3CA-5B4256BFAFC6}.Release|x86.Build.0 = Release|Any CPU
		{4AE8AF4E-BB43-4087-A2A4-2ED1A56123F7}.Debug|Any CPU.ActiveCfg = Debug|Any CPU
		{4AE8AF4E-BB43-4087-A2A4-2ED1A56123F7}.Debug|Any CPU.Build.0 = Debug|Any CPU
		{4AE8AF4E-BB43-4087-A2A4-2ED1A56123F7}.Debug|x64.ActiveCfg = Debug|Any CPU
		{4AE8AF4E-BB43-4087-A2A4-2ED1A56123F7}.Debug|x64.Build.0 = Debug|Any CPU
		{4AE8AF4E-BB43-4087-A2A4-2ED1A56123F7}.Debug|x86.ActiveCfg = Debug|Any CPU
		{4AE8AF4E-BB43-4087-A2A4-2ED1A56123F7}.Debug|x86.Build.0 = Debug|Any CPU
		{4AE8AF4E-BB43-4087-A2A4-2ED1A56123F7}.Release|Any CPU.ActiveCfg = Release|Any CPU
		{4AE8AF4E-BB43-4087-A2A4-2ED1A56123F7}.Release|Any CPU.Build.0 = Release|Any CPU
		{4AE8AF4E-BB43-4087-A2A4-2ED1A56123F7}.Release|x64.ActiveCfg = Release|Any CPU
		{4AE8AF4E-BB43-4087-A2A4-2ED1A56123F7}.Release|x64.Build.0 = Release|Any CPU
		{4AE8AF4E-BB43-4087-A2A4-2ED1A56123F7}.Release|x86.ActiveCfg = Release|Any CPU
		{4AE8AF4E-BB43-4087-A2A4-2ED1A56123F7}.Release|x86.Build.0 = Release|Any CPU
		{81F6402D-8DD6-4B3C-807D-54600B060C6A}.Debug|Any CPU.ActiveCfg = Debug|Any CPU
		{81F6402D-8DD6-4B3C-807D-54600B060C6A}.Debug|Any CPU.Build.0 = Debug|Any CPU
		{81F6402D-8DD6-4B3C-807D-54600B060C6A}.Debug|x64.ActiveCfg = Debug|Any CPU
		{81F6402D-8DD6-4B3C-807D-54600B060C6A}.Debug|x64.Build.0 = Debug|Any CPU
		{81F6402D-8DD6-4B3C-807D-54600B060C6A}.Debug|x86.ActiveCfg = Debug|Any CPU
		{81F6402D-8DD6-4B3C-807D-54600B060C6A}.Debug|x86.Build.0 = Debug|Any CPU
		{81F6402D-8DD6-4B3C-807D-54600B060C6A}.Release|Any CPU.ActiveCfg = Release|Any CPU
		{81F6402D-8DD6-4B3C-807D-54600B060C6A}.Release|Any CPU.Build.0 = Release|Any CPU
		{81F6402D-8DD6-4B3C-807D-54600B060C6A}.Release|x64.ActiveCfg = Release|Any CPU
		{81F6402D-8DD6-4B3C-807D-54600B060C6A}.Release|x64.Build.0 = Release|Any CPU
		{81F6402D-8DD6-4B3C-807D-54600B060C6A}.Release|x86.ActiveCfg = Release|Any CPU
		{81F6402D-8DD6-4B3C-807D-54600B060C6A}.Release|x86.Build.0 = Release|Any CPU
		{3424E571-9F71-45BC-89E2-D331A080ECA9}.Debug|Any CPU.ActiveCfg = Debug|Any CPU
		{3424E571-9F71-45BC-89E2-D331A080ECA9}.Debug|Any CPU.Build.0 = Debug|Any CPU
		{3424E571-9F71-45BC-89E2-D331A080ECA9}.Debug|x64.ActiveCfg = Debug|Any CPU
		{3424E571-9F71-45BC-89E2-D331A080ECA9}.Debug|x64.Build.0 = Debug|Any CPU
		{3424E571-9F71-45BC-89E2-D331A080ECA9}.Debug|x86.ActiveCfg = Debug|Any CPU
		{3424E571-9F71-45BC-89E2-D331A080ECA9}.Debug|x86.Build.0 = Debug|Any CPU
		{3424E571-9F71-45BC-89E2-D331A080ECA9}.Release|Any CPU.ActiveCfg = Release|Any CPU
		{3424E571-9F71-45BC-89E2-D331A080ECA9}.Release|Any CPU.Build.0 = Release|Any CPU
		{3424E571-9F71-45BC-89E2-D331A080ECA9}.Release|x64.ActiveCfg = Release|Any CPU
		{3424E571-9F71-45BC-89E2-D331A080ECA9}.Release|x64.Build.0 = Release|Any CPU
		{3424E571-9F71-45BC-89E2-D331A080ECA9}.Release|x86.ActiveCfg = Release|Any CPU
		{3424E571-9F71-45BC-89E2-D331A080ECA9}.Release|x86.Build.0 = Release|Any CPU
	EndGlobalSection
	GlobalSection(SolutionProperties) = preSolution
		HideSolutionNode = FALSE
	EndGlobalSection
	GlobalSection(ExtensibilityGlobals) = postSolution
		SolutionGuid = {4A3D3A97-619D-4838-8A39-06D5063073E9}
	EndGlobalSection
EndGlobal
